
Microsoft Visual Studio Solution File, Format Version 12.00
# Visual Studio Version 16
VisualStudioVersion = 16.0.32802.440
MinimumVisualStudioVersion = 10.0.40219.1
Project("{FAE04EC0-301F-11D3-BF4B-00C04F79EFBC}") = "SDPMySample.Core", "SDPMySample.Core\SDPMySample.Core.csproj", "{D44118B7-B346-431A-97B6-D6494C929CFE}"
EndProject
Project("{FAE04EC0-301F-11D3-BF4B-00C04F79EFBC}") = "SDPMySample.UI", "SDPMySample.UI\SDPMySample.UI.csproj", "{ADC74698-D229-4B56-ADBC-910354A75A07}"
EndProject
Global
	GlobalSection(SolutionConfigurationPlatforms) = preSolution
		Debug|Any CPU = Debug|Any CPU
		Release|Any CPU = Release|Any CPU
	EndGlobalSection
	GlobalSection(ProjectConfigurationPlatforms) = postSolution
		{D44118B7-B346-431A-97B6-D6494C929CFE}.Debug|Any CPU.ActiveCfg = Debug|Any CPU
		{D44118B7-B346-431A-97B6-D6494C929CFE}.Debug|Any CPU.Build.0 = Debug|Any CPU
		{D44118B7-B346-431A-97B6-D6494C929CFE}.Release|Any CPU.ActiveCfg = Release|Any CPU
		{D44118B7-B346-431A-97B6-D6494C929CFE}.Release|Any CPU.Build.0 = Release|Any CPU
		{ADC74698-D229-4B56-ADBC-910354A75A07}.Debug|Any CPU.ActiveCfg = Debug|Any CPU
		{ADC74698-D229-4B56-ADBC-910354A75A07}.Debug|Any CPU.Build.0 = Debug|Any CPU
		{ADC74698-D229-4B56-ADBC-910354A75A07}.Release|Any CPU.ActiveCfg = Release|Any CPU
		{ADC74698-D229-4B56-ADBC-910354A75A07}.Release|Any CPU.Build.0 = Release|Any CPU
	EndGlobalSection
	GlobalSection(SolutionProperties) = preSolution
		HideSolutionNode = FALSE
	EndGlobalSection
	GlobalSection(ExtensibilityGlobals) = postSolution
		SolutionGuid = {5EE2A01B-1FC6-4B3D-A882-B708E2ADF699}
	EndGlobalSection
EndGlobal
