
Microsoft Visual Studio Solution File, Format Version 12.00
# Visual Studio Version 17
VisualStudioVersion = 17.2.32630.192
MinimumVisualStudioVersion = 10.0.40219.1
Project("{FAE04EC0-301F-11D3-BF4B-00C04F79EFBC}") = "ServiceRegistrationForm", "ServiceRegistrationForm\ServiceRegistrationForm.csproj", "{BC8139AE-FC7E-4B1F-8869-2208918C5B53}"
EndProject
Global
	GlobalSection(SolutionConfigurationPlatforms) = preSolution
		Debug|Any CPU = Debug|Any CPU
		Release|Any CPU = Release|Any CPU
	EndGlobalSection
	GlobalSection(ProjectConfigurationPlatforms) = postSolution
		{BC8139AE-FC7E-4B1F-8869-2208918C5B53}.Debug|Any CPU.ActiveCfg = Debug|Any CPU
		{BC8139AE-FC7E-4B1F-8869-2208918C5B53}.Debug|Any CPU.Build.0 = Debug|Any CPU
		{BC8139AE-FC7E-4B1F-8869-2208918C5B53}.Release|Any CPU.ActiveCfg = Release|Any CPU
		{BC8139AE-FC7E-4B1F-8869-2208918C5B53}.Release|Any CPU.Build.0 = Release|Any CPU
	EndGlobalSection
	GlobalSection(SolutionProperties) = preSolution
		HideSolutionNode = FALSE
	EndGlobalSection
	GlobalSection(ExtensibilityGlobals) = postSolution
		SolutionGuid = {2E4DD9EF-9D24-46C6-B887-1569CF674159}
	EndGlobalSection
EndGlobal
